
Microsoft Visual Studio Solution File, Format Version 12.00
# Visual Studio Version 17
VisualStudioVersion = 17.14.36414.22
MinimumVisualStudioVersion = 10.0.40219.1
Project("{2150E333-8FDC-42A3-9474-1A3956D46DE8}") = "Projektmappenelemente", "Projektmappenelemente", "{84D27F74-D2BA-6C25-2661-968F101900D9}"
EndProject
Project("{FAE04EC0-301F-11D3-BF4B-00C04F79EFBC}") = "Aufgabe 2", "Aufgabe 2\Aufgabe 2.csproj", "{777B99A3-C515-487F-BA1A-6301505CFE57}"
EndProject
Project("{FAE04EC0-301F-11D3-BF4B-00C04F79EFBC}") = "Aufgabe 1", "Aufgabe 1\Aufgabe 1.csproj", "{5BD79E2B-9F5B-47C7-9FDB-23F0F3BAFE93}"
EndProject
Project("{FAE04EC0-301F-11D3-BF4B-00C04F79EFBC}") = "Aufgabe 3", "Aufgabe 3\Aufgabe 3.csproj", "{2E4A46C7-B30A-4C5E-8FE6-E318C7B8DAF8}"
EndProject
Project("{FAE04EC0-301F-11D3-BF4B-00C04F79EFBC}") = "Aufgabe 4", "Aufgabe 4\Aufgabe 4.csproj", "{E61C9A28-C9F0-4484-9DD2-5A37F75F7061}"
EndProject
Project("{FAE04EC0-301F-11D3-BF4B-00C04F79EFBC}") = "Aufgabe 5", "Aufgabe 5\Aufgabe 5.csproj", "{D6C03BD3-C7A9-4EC5-97AC-1F8FE23D47AD}"
EndProject
Project("{FAE04EC0-301F-11D3-BF4B-00C04F79EFBC}") = "Aufgabe 6", "Aufgabe 6\Aufgabe 6.csproj", "{27705AAA-3BB8-47F8-B80D-03C0285F0E72}"
EndProject
Project("{FAE04EC0-301F-11D3-BF4B-00C04F79EFBC}") = "Aufgabe 7", "Aufgabe 7\Aufgabe 7.csproj", "{70FC4E1C-47F9-407E-AC72-270496D1AFBF}"
EndProject
Project("{FAE04EC0-301F-11D3-BF4B-00C04F79EFBC}") = "Aufgabe 8", "Aufgabe 8\Aufgabe 8.csproj", "{A2CF3F3A-B645-450F-BE65-02BB777DB301}"
EndProject
Project("{FAE04EC0-301F-11D3-BF4B-00C04F79EFBC}") = "Aufgabe 9", "Aufgabe 9\Aufgabe 9.csproj", "{7A0D50AA-86CC-4AA7-83F0-E745639700BF}"
EndProject
Project("{FAE04EC0-301F-11D3-BF4B-00C04F79EFBC}") = "Aufgabe 10", "Aufgabe 10\Aufgabe 10.csproj", "{9F9DBBAF-5903-4206-8129-1F54EFAC19DC}"
EndProject
Project("{FAE04EC0-301F-11D3-BF4B-00C04F79EFBC}") = "Aufgabe 12", "Aufgabe 12\Aufgabe 12.csproj", "{88015C87-585D-4266-96E6-273C33DE6D11}"
EndProject
Project("{FAE04EC0-301F-11D3-BF4B-00C04F79EFBC}") = "Aufgabe 11", "Aufgabe 11\Aufgabe 11.csproj", "{A1363535-45A9-45E3-8FEF-C417EBDBDA65}"
EndProject
Project("{FAE04EC0-301F-11D3-BF4B-00C04F79EFBC}") = "Aufgabe 13", "Aufgabe 13\Aufgabe 13.csproj", "{F4744062-613A-42E5-AACF-FC00994CE1DA}"
EndProject
Project("{FAE04EC0-301F-11D3-BF4B-00C04F79EFBC}") = "Aufgabe 14", "Aufgabe 14\Aufgabe 14.csproj", "{7D94A1B6-1DA8-4CE1-821F-53182E4892BF}"
EndProject
Project("{FAE04EC0-301F-11D3-BF4B-00C04F79EFBC}") = "Aufgabe 15", "Aufgabe 15\Aufgabe 15.csproj", "{F986D802-0979-45D6-B5C3-F1C34077DEB3}"
EndProject
Project("{FAE04EC0-301F-11D3-BF4B-00C04F79EFBC}") = "Aufgabe 16", "Aufgabe 16\Aufgabe 16.csproj", "{D7F85800-A314-4F94-BB0D-2B6BD1FE93F9}"
EndProject
Project("{FAE04EC0-301F-11D3-BF4B-00C04F79EFBC}") = "Aufgabe 17", "Aufgabe 17\Aufgabe 17.csproj", "{22432DBE-BB4A-4E33-8CB9-4EFB9B8154D1}"
EndProject
Project("{FAE04EC0-301F-11D3-BF4B-00C04F79EFBC}") = "Aufgabe 18", "Aufgabe 18\Aufgabe 18.csproj", "{DD9D1BC9-67D8-43D7-9AA1-89E7992F7016}"
EndProject
Project("{FAE04EC0-301F-11D3-BF4B-00C04F79EFBC}") = "Aufgabe 19", "Aufgabe 19\Aufgabe 19.csproj", "{1CEA2C67-252C-46F3-BEC3-1433F1126144}"
EndProject
Project("{FAE04EC0-301F-11D3-BF4B-00C04F79EFBC}") = "Aufgabe 20", "Aufgabe 20\Aufgabe 20.csproj", "{CD19886A-F193-44BE-AFB6-0704F2966B29}"
EndProject
Global
	GlobalSection(SolutionConfigurationPlatforms) = preSolution
		Debug|Any CPU = Debug|Any CPU
		Release|Any CPU = Release|Any CPU
	EndGlobalSection
	GlobalSection(ProjectConfigurationPlatforms) = postSolution
		{777B99A3-C515-487F-BA1A-6301505CFE57}.Debug|Any CPU.ActiveCfg = Debug|Any CPU
		{777B99A3-C515-487F-BA1A-6301505CFE57}.Debug|Any CPU.Build.0 = Debug|Any CPU
		{777B99A3-C515-487F-BA1A-6301505CFE57}.Release|Any CPU.ActiveCfg = Release|Any CPU
		{777B99A3-C515-487F-BA1A-6301505CFE57}.Release|Any CPU.Build.0 = Release|Any CPU
		{5BD79E2B-9F5B-47C7-9FDB-23F0F3BAFE93}.Debug|Any CPU.ActiveCfg = Debug|Any CPU
		{5BD79E2B-9F5B-47C7-9FDB-23F0F3BAFE93}.Debug|Any CPU.Build.0 = Debug|Any CPU
		{5BD79E2B-9F5B-47C7-9FDB-23F0F3BAFE93}.Release|Any CPU.ActiveCfg = Release|Any CPU
		{5BD79E2B-9F5B-47C7-9FDB-23F0F3BAFE93}.Release|Any CPU.Build.0 = Release|Any CPU
		{2E4A46C7-B30A-4C5E-8FE6-E318C7B8DAF8}.Debug|Any CPU.ActiveCfg = Debug|Any CPU
		{2E4A46C7-B30A-4C5E-8FE6-E318C7B8DAF8}.Debug|Any CPU.Build.0 = Debug|Any CPU
		{2E4A46C7-B30A-4C5E-8FE6-E318C7B8DAF8}.Release|Any CPU.ActiveCfg = Release|Any CPU
		{2E4A46C7-B30A-4C5E-8FE6-E318C7B8DAF8}.Release|Any CPU.Build.0 = Release|Any CPU
		{E61C9A28-C9F0-4484-9DD2-5A37F75F7061}.Debug|Any CPU.ActiveCfg = Debug|Any CPU
		{E61C9A28-C9F0-4484-9DD2-5A37F75F7061}.Debug|Any CPU.Build.0 = Debug|Any CPU
		{E61C9A28-C9F0-4484-9DD2-5A37F75F7061}.Release|Any CPU.ActiveCfg = Release|Any CPU
		{E61C9A28-C9F0-4484-9DD2-5A37F75F7061}.Release|Any CPU.Build.0 = Release|Any CPU
		{D6C03BD3-C7A9-4EC5-97AC-1F8FE23D47AD}.Debug|Any CPU.ActiveCfg = Debug|Any CPU
		{D6C03BD3-C7A9-4EC5-97AC-1F8FE23D47AD}.Debug|Any CPU.Build.0 = Debug|Any CPU
		{D6C03BD3-C7A9-4EC5-97AC-1F8FE23D47AD}.Release|Any CPU.ActiveCfg = Release|Any CPU
		{D6C03BD3-C7A9-4EC5-97AC-1F8FE23D47AD}.Release|Any CPU.Build.0 = Release|Any CPU
		{27705AAA-3BB8-47F8-B80D-03C0285F0E72}.Debug|Any CPU.ActiveCfg = Debug|Any CPU
		{27705AAA-3BB8-47F8-B80D-03C0285F0E72}.Debug|Any CPU.Build.0 = Debug|Any CPU
		{27705AAA-3BB8-47F8-B80D-03C0285F0E72}.Release|Any CPU.ActiveCfg = Release|Any CPU
		{27705AAA-3BB8-47F8-B80D-03C0285F0E72}.Release|Any CPU.Build.0 = Release|Any CPU
		{70FC4E1C-47F9-407E-AC72-270496D1AFBF}.Debug|Any CPU.ActiveCfg = Debug|Any CPU
		{70FC4E1C-47F9-407E-AC72-270496D1AFBF}.Debug|Any CPU.Build.0 = Debug|Any CPU
		{70FC4E1C-47F9-407E-AC72-270496D1AFBF}.Release|Any CPU.ActiveCfg = Release|Any CPU
		{70FC4E1C-47F9-407E-AC72-270496D1AFBF}.Release|Any CPU.Build.0 = Release|Any CPU
		{A2CF3F3A-B645-450F-BE65-02BB777DB301}.Debug|Any CPU.ActiveCfg = Debug|Any CPU
		{A2CF3F3A-B645-450F-BE65-02BB777DB301}.Debug|Any CPU.Build.0 = Debug|Any CPU
		{A2CF3F3A-B645-450F-BE65-02BB777DB301}.Release|Any CPU.ActiveCfg = Release|Any CPU
		{A2CF3F3A-B645-450F-BE65-02BB777DB301}.Release|Any CPU.Build.0 = Release|Any CPU
		{7A0D50AA-86CC-4AA7-83F0-E745639700BF}.Debug|Any CPU.ActiveCfg = Debug|Any CPU
		{7A0D50AA-86CC-4AA7-83F0-E745639700BF}.Debug|Any CPU.Build.0 = Debug|Any CPU
		{7A0D50AA-86CC-4AA7-83F0-E745639700BF}.Release|Any CPU.ActiveCfg = Release|Any CPU
		{7A0D50AA-86CC-4AA7-83F0-E745639700BF}.Release|Any CPU.Build.0 = Release|Any CPU
		{9F9DBBAF-5903-4206-8129-1F54EFAC19DC}.Debug|Any CPU.ActiveCfg = Debug|Any CPU
		{9F9DBBAF-5903-4206-8129-1F54EFAC19DC}.Debug|Any CPU.Build.0 = Debug|Any CPU
		{9F9DBBAF-5903-4206-8129-1F54EFAC19DC}.Release|Any CPU.ActiveCfg = Release|Any CPU
		{9F9DBBAF-5903-4206-8129-1F54EFAC19DC}.Release|Any CPU.Build.0 = Release|Any CPU
		{88015C87-585D-4266-96E6-273C33DE6D11}.Debug|Any CPU.ActiveCfg = Debug|Any CPU
		{88015C87-585D-4266-96E6-273C33DE6D11}.Debug|Any CPU.Build.0 = Debug|Any CPU
		{88015C87-585D-4266-96E6-273C33DE6D11}.Release|Any CPU.ActiveCfg = Release|Any CPU
		{88015C87-585D-4266-96E6-273C33DE6D11}.Release|Any CPU.Build.0 = Release|Any CPU
		{A1363535-45A9-45E3-8FEF-C417EBDBDA65}.Debug|Any CPU.ActiveCfg = Debug|Any CPU
		{A1363535-45A9-45E3-8FEF-C417EBDBDA65}.Debug|Any CPU.Build.0 = Debug|Any CPU
		{A1363535-45A9-45E3-8FEF-C417EBDBDA65}.Release|Any CPU.ActiveCfg = Release|Any CPU
		{A1363535-45A9-45E3-8FEF-C417EBDBDA65}.Release|Any CPU.Build.0 = Release|Any CPU
		{F4744062-613A-42E5-AACF-FC00994CE1DA}.Debug|Any CPU.ActiveCfg = Debug|Any CPU
		{F4744062-613A-42E5-AACF-FC00994CE1DA}.Debug|Any CPU.Build.0 = Debug|Any CPU
		{F4744062-613A-42E5-AACF-FC00994CE1DA}.Release|Any CPU.ActiveCfg = Release|Any CPU
		{F4744062-613A-42E5-AACF-FC00994CE1DA}.Release|Any CPU.Build.0 = Release|Any CPU
		{7D94A1B6-1DA8-4CE1-821F-53182E4892BF}.Debug|Any CPU.ActiveCfg = Debug|Any CPU
		{7D94A1B6-1DA8-4CE1-821F-53182E4892BF}.Debug|Any CPU.Build.0 = Debug|Any CPU
		{7D94A1B6-1DA8-4CE1-821F-53182E4892BF}.Release|Any CPU.ActiveCfg = Release|Any CPU
		{7D94A1B6-1DA8-4CE1-821F-53182E4892BF}.Release|Any CPU.Build.0 = Release|Any CPU
		{F986D802-0979-45D6-B5C3-F1C34077DEB3}.Debug|Any CPU.ActiveCfg = Debug|Any CPU
		{F986D802-0979-45D6-B5C3-F1C34077DEB3}.Debug|Any CPU.Build.0 = Debug|Any CPU
		{F986D802-0979-45D6-B5C3-F1C34077DEB3}.Release|Any CPU.ActiveCfg = Release|Any CPU
		{F986D802-0979-45D6-B5C3-F1C34077DEB3}.Release|Any CPU.Build.0 = Release|Any CPU
		{D7F85800-A314-4F94-BB0D-2B6BD1FE93F9}.Debug|Any CPU.ActiveCfg = Debug|Any CPU
		{D7F85800-A314-4F94-BB0D-2B6BD1FE93F9}.Debug|Any CPU.Build.0 = Debug|Any CPU
		{D7F85800-A314-4F94-BB0D-2B6BD1FE93F9}.Release|Any CPU.ActiveCfg = Release|Any CPU
		{D7F85800-A314-4F94-BB0D-2B6BD1FE93F9}.Release|Any CPU.Build.0 = Release|Any CPU
		{22432DBE-BB4A-4E33-8CB9-4EFB9B8154D1}.Debug|Any CPU.ActiveCfg = Debug|Any CPU
		{22432DBE-BB4A-4E33-8CB9-4EFB9B8154D1}.Debug|Any CPU.Build.0 = Debug|Any CPU
		{22432DBE-BB4A-4E33-8CB9-4EFB9B8154D1}.Release|Any CPU.ActiveCfg = Release|Any CPU
		{22432DBE-BB4A-4E33-8CB9-4EFB9B8154D1}.Release|Any CPU.Build.0 = Release|Any CPU
		{DD9D1BC9-67D8-43D7-9AA1-89E7992F7016}.Debug|Any CPU.ActiveCfg = Debug|Any CPU
		{DD9D1BC9-67D8-43D7-9AA1-89E7992F7016}.Debug|Any CPU.Build.0 = Debug|Any CPU
		{DD9D1BC9-67D8-43D7-9AA1-89E7992F7016}.Release|Any CPU.ActiveCfg = Release|Any CPU
		{DD9D1BC9-67D8-43D7-9AA1-89E7992F7016}.Release|Any CPU.Build.0 = Release|Any CPU
		{1CEA2C67-252C-46F3-BEC3-1433F1126144}.Debug|Any CPU.ActiveCfg = Debug|Any CPU
		{1CEA2C67-252C-46F3-BEC3-1433F1126144}.Debug|Any CPU.Build.0 = Debug|Any CPU
		{1CEA2C67-252C-46F3-BEC3-1433F1126144}.Release|Any CPU.ActiveCfg = Release|Any CPU
		{1CEA2C67-252C-46F3-BEC3-1433F1126144}.Release|Any CPU.Build.0 = Release|Any CPU
		{CD19886A-F193-44BE-AFB6-0704F2966B29}.Debug|Any CPU.ActiveCfg = Debug|Any CPU
		{CD19886A-F193-44BE-AFB6-0704F2966B29}.Debug|Any CPU.Build.0 = Debug|Any CPU
		{CD19886A-F193-44BE-AFB6-0704F2966B29}.Release|Any CPU.ActiveCfg = Release|Any CPU
		{CD19886A-F193-44BE-AFB6-0704F2966B29}.Release|Any CPU.Build.0 = Release|Any CPU
	EndGlobalSection
	GlobalSection(SolutionProperties) = preSolution
		HideSolutionNode = FALSE
	EndGlobalSection
	GlobalSection(ExtensibilityGlobals) = postSolution
		SolutionGuid = {725BC977-A749-429A-A9F0-C54654693713}
	EndGlobalSection
EndGlobal
